
Microsoft Visual Studio Solution File, Format Version 12.00
# Visual Studio Version 16
VisualStudioVersion = 16.0.29905.134
MinimumVisualStudioVersion = 10.0.40219.1
Project("{FAE04EC0-301F-11D3-BF4B-00C04F79EFBC}") = "HelloWord2", "HelloWord2.csproj", "{0AFA99A6-C275-4EE4-99C3-7A121906331E}"
EndProject
Global
	GlobalSection(SolutionConfigurationPlatforms) = preSolution
		Debug|Any CPU = Debug|Any CPU
		Release|Any CPU = Release|Any CPU
	EndGlobalSection
	GlobalSection(ProjectConfigurationPlatforms) = postSolution
		{0AFA99A6-C275-4EE4-99C3-7A121906331E}.Debug|Any CPU.ActiveCfg = Debug|Any CPU
		{0AFA99A6-C275-4EE4-99C3-7A121906331E}.Debug|Any CPU.Build.0 = Debug|Any CPU
		{0AFA99A6-C275-4EE4-99C3-7A121906331E}.Release|Any CPU.ActiveCfg = Release|Any CPU
		{0AFA99A6-C275-4EE4-99C3-7A121906331E}.Release|Any CPU.Build.0 = Release|Any CPU
	EndGlobalSection
	GlobalSection(SolutionProperties) = preSolution
		HideSolutionNode = FALSE
	EndGlobalSection
	GlobalSection(ExtensibilityGlobals) = postSolution
		SolutionGuid = {DA4D8C7E-BDF9-487F-A400-626677611B26}
	EndGlobalSection
EndGlobal
